
Microsoft Visual Studio Solution File, Format Version 12.00
Project("{FAE04EC0-301F-11D3-BF4B-00C04F79EFBC}") = "Shared", "Shared\Shared.csproj", "{89D12D74-03B1-4DC9-A832-62B3D11AD8F4}"
EndProject
Project("{FAE04EC0-301F-11D3-BF4B-00C04F79EFBC}") = "Day01", "Day01\Day01.csproj", "{6C1DCC1B-13AE-4784-B704-E1D50F128A3B}"
EndProject
Project("{FAE04EC0-301F-11D3-BF4B-00C04F79EFBC}") = "Day01Tests", "Day01Tests\Day01Tests.csproj", "{7E53A354-8A39-407C-8851-B312CDCC78C6}"
EndProject
Global
	GlobalSection(SolutionConfigurationPlatforms) = preSolution
		Debug|Any CPU = Debug|Any CPU
		Release|Any CPU = Release|Any CPU
	EndGlobalSection
	GlobalSection(ProjectConfigurationPlatforms) = postSolution
		{89D12D74-03B1-4DC9-A832-62B3D11AD8F4}.Debug|Any CPU.ActiveCfg = Debug|Any CPU
		{89D12D74-03B1-4DC9-A832-62B3D11AD8F4}.Debug|Any CPU.Build.0 = Debug|Any CPU
		{89D12D74-03B1-4DC9-A832-62B3D11AD8F4}.Release|Any CPU.ActiveCfg = Release|Any CPU
		{89D12D74-03B1-4DC9-A832-62B3D11AD8F4}.Release|Any CPU.Build.0 = Release|Any CPU
		{6C1DCC1B-13AE-4784-B704-E1D50F128A3B}.Debug|Any CPU.ActiveCfg = Debug|Any CPU
		{6C1DCC1B-13AE-4784-B704-E1D50F128A3B}.Debug|Any CPU.Build.0 = Debug|Any CPU
		{6C1DCC1B-13AE-4784-B704-E1D50F128A3B}.Release|Any CPU.ActiveCfg = Release|Any CPU
		{6C1DCC1B-13AE-4784-B704-E1D50F128A3B}.Release|Any CPU.Build.0 = Release|Any CPU
		{7E53A354-8A39-407C-8851-B312CDCC78C6}.Debug|Any CPU.ActiveCfg = Debug|Any CPU
		{7E53A354-8A39-407C-8851-B312CDCC78C6}.Debug|Any CPU.Build.0 = Debug|Any CPU
		{7E53A354-8A39-407C-8851-B312CDCC78C6}.Release|Any CPU.ActiveCfg = Release|Any CPU
		{7E53A354-8A39-407C-8851-B312CDCC78C6}.Release|Any CPU.Build.0 = Release|Any CPU
	EndGlobalSection
EndGlobal
